{
  "version": "4",
  "specifiers": {
    "npm:@qdrant/js-client-rest@^1.8.0": "1.14.1_typescript@5.8.3"
  },
  "npm": {
    "@qdrant/js-client-rest@1.14.1_typescript@5.8.3": {
      "integrity": "sha512-CkCCTDc4gCXq+hhjB3yDw9Hs/PxCJ0bKqk/LjAAmuL9+nDm/RPue4C/tGOIMlzouTQ2l6J6t+JPeM//j38VFug==",
      "dependencies": [
        "@qdrant/openapi-typescript-fetch",
        "@sevinf/maybe",
        "typescript",
        "undici"
      ]
    },
    "@qdrant/openapi-typescript-fetch@1.2.6": {
      "integrity": "sha512-oQG/FejNpItrxRHoyctYvT3rwGZOnK4jr3JdppO/c78ktDvkWiPXPHNsrDf33K9sZdRb6PR7gi4noIapu5q4HA=="
    },
    "@sevinf/maybe@0.5.0": {
      "integrity": "sha512-ARhyoYDnY1LES3vYI0fiG6e9esWfTNcXcO6+MPJJXcnyMV3bim4lnFt45VXouV7y82F4x3YH8nOQ6VztuvUiWg=="
    },
    "typescript@5.8.3": {
      "integrity": "sha512-p1diW6TqL9L07nNxvRMM7hMMw4c5XOo/1ibL4aAIGmSAt9slTE1Xgw5KWuof2uTOvCg9BY7ZRi+GaF+7sfgPeQ=="
    },
    "undici@6.21.3": {
      "integrity": "sha512-gBLkYIlEnSp8pFbT64yFgGE6UIB9tAkhukC23PmMDCe5Nd+cRqKxSjw5y54MK2AZMgZfJWMaNE4nYUHgi1XEOw=="
    }
  }
}
